{
  "version": 4,
  "terraform_version": "1.1.4",
  "serial": 5,
  "lineage": "fd604557-cbce-9d36-9735-29960ef92106",
  "outputs": {
    "external_ip_address_node01_yandex_cloud": {
      "value": "62.84.115.213",
      "type": "string"
    },
    "internal_ip_address_node01_yandex_cloud": {
      "value": "192.168.101.31",
      "type": "string"
    }
  },
  "resources": [
    {
      "mode": "managed",
      "type": "yandex_compute_instance",
      "name": "node01",
      "provider": "provider[\"registry.terraform.io/yandex-cloud/yandex\"]",
      "instances": [
        {
          "schema_version": 1,
          "attributes": {
            "allow_stopping_for_update": true,
            "boot_disk": [
              {
                "auto_delete": true,
                "device_name": "fhm2pm70m8bc9el6ve7r",
                "disk_id": "fhm2pm70m8bc9el6ve7r",
                "initialize_params": [
                  {
                    "block_size": 4096,
                    "description": "",
                    "image_id": "fd8afa208i68o1uvpmn6",
                    "name": "root-node01",
                    "size": 50,
                    "snapshot_id": "",
                    "type": "network-ssd"
                  }
                ],
                "mode": "READ_WRITE"
              }
            ],
            "created_at": "2022-02-14T20:55:28Z",
            "description": "",
            "folder_id": "b1gm319lmj82njp4qfkd",
            "fqdn": "node01.netology.cloud",
            "hostname": "node01",
            "id": "fhmpj4o0nh375quu96pm",
            "labels": null,
            "metadata": {
              "ssh-keys": "centos:ssh-rsa AAAAB3NzaC1yc2EAAAADAQABAAABgQDRddK/iIPm8YAx2FKgg7j+pswBzSyt8bpNhRM63o3VOi+hEQBCYVZkDTG+X1kbTMPpSJSYlONYghB8ZqLyW/C349exIjI5pOaRqRy6RSwtXDcvYcXQ7o8hKLWQN9HawNrFDVQ+RaCuZSsYyHs33fsScoVV8aOpcMb3HtBos9sbfOkA98yvTbWO3E+Lh9SEIov6pC4KbtgJs//J1eA1zrodlEWObglYN78BTcag6FUH2k4DlceBQsA4Ee85dzzNoq9UuffSLqk+DULPI+GB6L843/Sgks8vRtzPMGDtoqNwAf7B/7CF38TYxtkD5JoRDZRwqSrsfAbC0prA++Un+k7+V+mbl3h5r5IRkK/yospFaLNcG/3/jI749akDTeM78Tr6VxPMva9fl+eaPKXtZF3a5U+iLQsNbLfnmVlR6SfjsJj5bMLzws9xYYXOAFwuWhBbESXuknmbVGT/x4TQso0LrNCa5/p7c0MqWYqYKyDVNOmCiBZnI4omyi05db2KiT8= olga@FLY-N-BZZ\n"
            },
            "name": "node01",
            "network_acceleration_type": "standard",
            "network_interface": [
              {
                "dns_record": [],
                "index": 0,
                "ip_address": "192.168.101.31",
                "ipv4": true,
                "ipv6": false,
                "ipv6_address": "",
                "ipv6_dns_record": [],
                "mac_address": "d0:0d:19:99:30:0b",
                "nat": true,
                "nat_dns_record": [],
                "nat_ip_address": "62.84.115.213",
                "nat_ip_version": "IPV4",
                "security_group_ids": [],
                "subnet_id": "e9bivtjp45m322u9ggf5"
              }
            ],
            "placement_policy": [
              {
                "placement_group_id": ""
              }
            ],
            "platform_id": "standard-v1",
            "resources": [
              {
                "core_fraction": 100,
                "cores": 8,
                "gpus": 0,
                "memory": 8
              }
            ],
            "scheduling_policy": [
              {
                "preemptible": false
              }
            ],
            "secondary_disk": [],
            "service_account_id": "",
            "status": "running",
            "timeouts": null,
            "zone": "ru-central1-a"
          },
          "sensitive_attributes": [],
          "private": "eyJlMmJmYjczMC1lY2FhLTExZTYtOGY4OC0zNDM2M2JjN2M0YzAiOnsiY3JlYXRlIjozMDAwMDAwMDAwMDAsImRlbGV0ZSI6MzAwMDAwMDAwMDAwLCJ1cGRhdGUiOjMwMDAwMDAwMDAwMH0sInNjaGVtYV92ZXJzaW9uIjoiMSJ9",
          "dependencies": [
            "yandex_vpc_network.default",
            "yandex_vpc_subnet.default"
          ]
        }
      ]
    },
    {
      "mode": "managed",
      "type": "yandex_vpc_network",
      "name": "default",
      "provider": "provider[\"registry.terraform.io/yandex-cloud/yandex\"]",
      "instances": [
        {
          "schema_version": 0,
          "attributes": {
            "created_at": "2022-02-14T20:55:26Z",
            "default_security_group_id": "",
            "description": "",
            "folder_id": "b1gm319lmj82njp4qfkd",
            "id": "enpapseum2n0hn7ubm0g",
            "labels": {},
            "name": "net",
            "subnet_ids": [],
            "timeouts": null
          },
          "sensitive_attributes": [],
          "private": "eyJlMmJmYjczMC1lY2FhLTExZTYtOGY4OC0zNDM2M2JjN2M0YzAiOnsiY3JlYXRlIjo2MDAwMDAwMDAwMCwiZGVsZXRlIjo2MDAwMDAwMDAwMCwidXBkYXRlIjo2MDAwMDAwMDAwMH19"
        }
      ]
    },
    {
      "mode": "managed",
      "type": "yandex_vpc_subnet",
      "name": "default",
      "provider": "provider[\"registry.terraform.io/yandex-cloud/yandex\"]",
      "instances": [
        {
          "schema_version": 0,
          "attributes": {
            "created_at": "2022-02-14T20:55:27Z",
            "description": "",
            "dhcp_options": [],
            "folder_id": "b1gm319lmj82njp4qfkd",
            "id": "e9bivtjp45m322u9ggf5",
            "labels": {},
            "name": "subnet",
            "network_id": "enpapseum2n0hn7ubm0g",
            "route_table_id": "",
            "timeouts": null,
            "v4_cidr_blocks": [
              "192.168.101.0/24"
            ],
            "v6_cidr_blocks": [],
            "zone": "ru-central1-a"
          },
          "sensitive_attributes": [],
          "private": "eyJlMmJmYjczMC1lY2FhLTExZTYtOGY4OC0zNDM2M2JjN2M0YzAiOnsiY3JlYXRlIjoxODAwMDAwMDAwMDAsImRlbGV0ZSI6MTgwMDAwMDAwMDAwLCJ1cGRhdGUiOjE4MDAwMDAwMDAwMH19",
          "dependencies": [
            "yandex_vpc_network.default"
          ]
        }
      ]
    }
  ]
}
